
Microsoft Visual Studio Solution File, Format Version 12.00
# Visual Studio Version 16
VisualStudioVersion = 16.0.30523.141
MinimumVisualStudioVersion = 10.0.40219.1
Project("{FAE04EC0-301F-11D3-BF4B-00C04F79EFBC}") = "MyShopp.UI", "MyShopp.UI\MyShopp.UI.csproj", "{C99CBC66-C70D-478B-91AB-B4365A73F598}"
EndProject
Project("{FAE04EC0-301F-11D3-BF4B-00C04F79EFBC}") = "MyShopp.UI.Tests", "MyShopp.UI.Tests\MyShopp.UI.Tests.csproj", "{2B56BF93-5F23-477D-948A-BC1498634924}"
EndProject
Project("{FAE04EC0-301F-11D3-BF4B-00C04F79EFBC}") = "MyShopp.DataAccess.InMemory", "MyShopp.DataAccess.InMemory\MyShopp.DataAccess.InMemory.csproj", "{A550B9BB-043D-4A22-9DEC-52FAA920A96A}"
EndProject
Project("{FAE04EC0-301F-11D3-BF4B-00C04F79EFBC}") = "MyShopp.Core", "MyShopp.Core\MyShopp.Core.csproj", "{D79D4A5F-CD7A-4539-804B-304BABA465E2}"
EndProject
Project("{FAE04EC0-301F-11D3-BF4B-00C04F79EFBC}") = "MyShopp.DataAccess.SQL", "MyShopp.DataAccess.SQL\MyShopp.DataAccess.SQL.csproj", "{A01B6765-1A1C-4DE3-B13E-33A227057975}"
EndProject
Project("{FAE04EC0-301F-11D3-BF4B-00C04F79EFBC}") = "MyShopp.Services", "MyShopp.Services\MyShopp.Services.csproj", "{890F323B-EAD2-4FA6-A39F-A0973580617E}"
EndProject
Global
	GlobalSection(SolutionConfigurationPlatforms) = preSolution
		Debug|Any CPU = Debug|Any CPU
		Release|Any CPU = Release|Any CPU
	EndGlobalSection
	GlobalSection(ProjectConfigurationPlatforms) = postSolution
		{C99CBC66-C70D-478B-91AB-B4365A73F598}.Debug|Any CPU.ActiveCfg = Debug|Any CPU
		{C99CBC66-C70D-478B-91AB-B4365A73F598}.Debug|Any CPU.Build.0 = Debug|Any CPU
		{C99CBC66-C70D-478B-91AB-B4365A73F598}.Release|Any CPU.ActiveCfg = Release|Any CPU
		{C99CBC66-C70D-478B-91AB-B4365A73F598}.Release|Any CPU.Build.0 = Release|Any CPU
		{2B56BF93-5F23-477D-948A-BC1498634924}.Debug|Any CPU.ActiveCfg = Debug|Any CPU
		{2B56BF93-5F23-477D-948A-BC1498634924}.Debug|Any CPU.Build.0 = Debug|Any CPU
		{2B56BF93-5F23-477D-948A-BC1498634924}.Release|Any CPU.ActiveCfg = Release|Any CPU
		{2B56BF93-5F23-477D-948A-BC1498634924}.Release|Any CPU.Build.0 = Release|Any CPU
		{A550B9BB-043D-4A22-9DEC-52FAA920A96A}.Debug|Any CPU.ActiveCfg = Debug|Any CPU
		{A550B9BB-043D-4A22-9DEC-52FAA920A96A}.Debug|Any CPU.Build.0 = Debug|Any CPU
		{A550B9BB-043D-4A22-9DEC-52FAA920A96A}.Release|Any CPU.ActiveCfg = Release|Any CPU
		{A550B9BB-043D-4A22-9DEC-52FAA920A96A}.Release|Any CPU.Build.0 = Release|Any CPU
		{D79D4A5F-CD7A-4539-804B-304BABA465E2}.Debug|Any CPU.ActiveCfg = Debug|Any CPU
		{D79D4A5F-CD7A-4539-804B-304BABA465E2}.Debug|Any CPU.Build.0 = Debug|Any CPU
		{D79D4A5F-CD7A-4539-804B-304BABA465E2}.Release|Any CPU.ActiveCfg = Release|Any CPU
		{D79D4A5F-CD7A-4539-804B-304BABA465E2}.Release|Any CPU.Build.0 = Release|Any CPU
		{A01B6765-1A1C-4DE3-B13E-33A227057975}.Debug|Any CPU.ActiveCfg = Debug|Any CPU
		{A01B6765-1A1C-4DE3-B13E-33A227057975}.Debug|Any CPU.Build.0 = Debug|Any CPU
		{A01B6765-1A1C-4DE3-B13E-33A227057975}.Release|Any CPU.ActiveCfg = Release|Any CPU
		{A01B6765-1A1C-4DE3-B13E-33A227057975}.Release|Any CPU.Build.0 = Release|Any CPU
		{890F323B-EAD2-4FA6-A39F-A0973580617E}.Debug|Any CPU.ActiveCfg = Debug|Any CPU
		{890F323B-EAD2-4FA6-A39F-A0973580617E}.Debug|Any CPU.Build.0 = Debug|Any CPU
		{890F323B-EAD2-4FA6-A39F-A0973580617E}.Release|Any CPU.ActiveCfg = Release|Any CPU
		{890F323B-EAD2-4FA6-A39F-A0973580617E}.Release|Any CPU.Build.0 = Release|Any CPU
	EndGlobalSection
	GlobalSection(SolutionProperties) = preSolution
		HideSolutionNode = FALSE
	EndGlobalSection
	GlobalSection(ExtensibilityGlobals) = postSolution
		SolutionGuid = {F3AEC6EF-DBB3-4F65-AD8A-06FFD7157B01}
	EndGlobalSection
EndGlobal
